
Microsoft Visual Studio Solution File, Format Version 12.00
# Visual Studio 15
VisualStudioVersion = 15.0.27130.2027
MinimumVisualStudioVersion = 10.0.40219.1
Project("{2150E333-8FDC-42A3-9474-1A3956D46DE8}") = "Engine", "Engine", "{FAD7740F-F538-4E56-9978-9B0E0C83BDFF}"
EndProject
Project("{2150E333-8FDC-42A3-9474-1A3956D46DE8}") = "Games", "Games", "{1A9983A4-3D38-4EEC-A5AD-3EB73C74667F}"
EndProject
Project("{8BC9CEB8-8B4A-11D0-8D11-00A0C91BC942}") = "UE4", "Intermediate\ProjectFiles\UE4.vcxproj", "{E7D91EFA-BB81-4457-A8DB-E1F47200F9B0}"
EndProject
Project("{8BC9CEB8-8B4A-11D0-8D11-00A0C91BC942}") = "building_escape", "Intermediate\ProjectFiles\building_escape.vcxproj", "{908691A1-453F-44FB-8486-B661083FDF18}"
EndProject
Global
	GlobalSection(SolutionConfigurationPlatforms) = preSolution
		DebugGame Editor|HTML5 = DebugGame Editor|HTML5
		DebugGame Editor|Win32 = DebugGame Editor|Win32
		DebugGame Editor|Win64 = DebugGame Editor|Win64
		DebugGame|HTML5 = DebugGame|HTML5
		DebugGame|Win32 = DebugGame|Win32
		DebugGame|Win64 = DebugGame|Win64
		Development Editor|HTML5 = Development Editor|HTML5
		Development Editor|Win32 = Development Editor|Win32
		Development Editor|Win64 = Development Editor|Win64
		Development|HTML5 = Development|HTML5
		Development|Win32 = Development|Win32
		Development|Win64 = Development|Win64
		Shipping|HTML5 = Shipping|HTML5
		Shipping|Win32 = Shipping|Win32
		Shipping|Win64 = Shipping|Win64
	EndGlobalSection
	GlobalSection(ProjectConfigurationPlatforms) = postSolution
		{E7D91EFA-BB81-4457-A8DB-E1F47200F9B0}.DebugGame Editor|HTML5.ActiveCfg = BuiltWithUnrealBuildTool|Win32
		{E7D91EFA-BB81-4457-A8DB-E1F47200F9B0}.DebugGame Editor|HTML5.Build.0 = BuiltWithUnrealBuildTool|Win32
		{E7D91EFA-BB81-4457-A8DB-E1F47200F9B0}.DebugGame Editor|Win32.ActiveCfg = BuiltWithUnrealBuildTool|Win32
		{E7D91EFA-BB81-4457-A8DB-E1F47200F9B0}.DebugGame Editor|Win32.Build.0 = BuiltWithUnrealBuildTool|Win32
		{E7D91EFA-BB81-4457-A8DB-E1F47200F9B0}.DebugGame Editor|Win64.ActiveCfg = BuiltWithUnrealBuildTool|Win32
		{E7D91EFA-BB81-4457-A8DB-E1F47200F9B0}.DebugGame Editor|Win64.Build.0 = BuiltWithUnrealBuildTool|Win32
		{E7D91EFA-BB81-4457-A8DB-E1F47200F9B0}.DebugGame|HTML5.ActiveCfg = BuiltWithUnrealBuildTool|Win32
		{E7D91EFA-BB81-4457-A8DB-E1F47200F9B0}.DebugGame|HTML5.Build.0 = BuiltWithUnrealBuildTool|Win32
		{E7D91EFA-BB81-4457-A8DB-E1F47200F9B0}.DebugGame|Win32.ActiveCfg = BuiltWithUnrealBuildTool|Win32
		{E7D91EFA-BB81-4457-A8DB-E1F47200F9B0}.DebugGame|Win32.Build.0 = BuiltWithUnrealBuildTool|Win32
		{E7D91EFA-BB81-4457-A8DB-E1F47200F9B0}.DebugGame|Win64.ActiveCfg = BuiltWithUnrealBuildTool|Win32
		{E7D91EFA-BB81-4457-A8DB-E1F47200F9B0}.DebugGame|Win64.Build.0 = BuiltWithUnrealBuildTool|Win32
		{E7D91EFA-BB81-4457-A8DB-E1F47200F9B0}.Development Editor|HTML5.ActiveCfg = BuiltWithUnrealBuildTool|Win32
		{E7D91EFA-BB81-4457-A8DB-E1F47200F9B0}.Development Editor|HTML5.Build.0 = BuiltWithUnrealBuildTool|Win32
		{E7D91EFA-BB81-4457-A8DB-E1F47200F9B0}.Development Editor|Win32.ActiveCfg = BuiltWithUnrealBuildTool|Win32
		{E7D91EFA-BB81-4457-A8DB-E1F47200F9B0}.Development Editor|Win32.Build.0 = BuiltWithUnrealBuildTool|Win32
		{E7D91EFA-BB81-4457-A8DB-E1F47200F9B0}.Development Editor|Win64.ActiveCfg = BuiltWithUnrealBuildTool|Win32
		{E7D91EFA-BB81-4457-A8DB-E1F47200F9B0}.Development Editor|Win64.Build.0 = BuiltWithUnrealBuildTool|Win32
		{E7D91EFA-BB81-4457-A8DB-E1F47200F9B0}.Development|HTML5.ActiveCfg = BuiltWithUnrealBuildTool|Win32
		{E7D91EFA-BB81-4457-A8DB-E1F47200F9B0}.Development|HTML5.Build.0 = BuiltWithUnrealBuildTool|Win32
		{E7D91EFA-BB81-4457-A8DB-E1F47200F9B0}.Development|Win32.ActiveCfg = BuiltWithUnrealBuildTool|Win32
		{E7D91EFA-BB81-4457-A8DB-E1F47200F9B0}.Development|Win32.Build.0 = BuiltWithUnrealBuildTool|Win32
		{E7D91EFA-BB81-4457-A8DB-E1F47200F9B0}.Development|Win64.ActiveCfg = BuiltWithUnrealBuildTool|Win32
		{E7D91EFA-BB81-4457-A8DB-E1F47200F9B0}.Development|Win64.Build.0 = BuiltWithUnrealBuildTool|Win32
		{E7D91EFA-BB81-4457-A8DB-E1F47200F9B0}.Shipping|HTML5.ActiveCfg = BuiltWithUnrealBuildTool|Win32
		{E7D91EFA-BB81-4457-A8DB-E1F47200F9B0}.Shipping|HTML5.Build.0 = BuiltWithUnrealBuildTool|Win32
		{E7D91EFA-BB81-4457-A8DB-E1F47200F9B0}.Shipping|Win32.ActiveCfg = BuiltWithUnrealBuildTool|Win32
		{E7D91EFA-BB81-4457-A8DB-E1F47200F9B0}.Shipping|Win32.Build.0 = BuiltWithUnrealBuildTool|Win32
		{E7D91EFA-BB81-4457-A8DB-E1F47200F9B0}.Shipping|Win64.ActiveCfg = BuiltWithUnrealBuildTool|Win32
		{E7D91EFA-BB81-4457-A8DB-E1F47200F9B0}.Shipping|Win64.Build.0 = BuiltWithUnrealBuildTool|Win32
		{908691A1-453F-44FB-8486-B661083FDF18}.DebugGame Editor|HTML5.ActiveCfg = HTML5_DebugGame_Editor|Win32
		{908691A1-453F-44FB-8486-B661083FDF18}.DebugGame Editor|Win32.ActiveCfg = DebugGame_Editor|Win32
		{908691A1-453F-44FB-8486-B661083FDF18}.DebugGame Editor|Win64.ActiveCfg = DebugGame_Editor|x64
		{908691A1-453F-44FB-8486-B661083FDF18}.DebugGame Editor|Win64.Build.0 = DebugGame_Editor|x64
		{908691A1-453F-44FB-8486-B661083FDF18}.DebugGame|HTML5.ActiveCfg = HTML5_DebugGame_Game|Win32
		{908691A1-453F-44FB-8486-B661083FDF18}.DebugGame|HTML5.Build.0 = HTML5_DebugGame_Game|Win32
		{908691A1-453F-44FB-8486-B661083FDF18}.DebugGame|Win32.ActiveCfg = DebugGame_Game|Win32
		{908691A1-453F-44FB-8486-B661083FDF18}.DebugGame|Win32.Build.0 = DebugGame_Game|Win32
		{908691A1-453F-44FB-8486-B661083FDF18}.DebugGame|Win64.ActiveCfg = DebugGame_Game|x64
		{908691A1-453F-44FB-8486-B661083FDF18}.DebugGame|Win64.Build.0 = DebugGame_Game|x64
		{908691A1-453F-44FB-8486-B661083FDF18}.Development Editor|HTML5.ActiveCfg = HTML5_Development_Editor|Win32
		{908691A1-453F-44FB-8486-B661083FDF18}.Development Editor|Win32.ActiveCfg = Development_Editor|Win32
		{908691A1-453F-44FB-8486-B661083FDF18}.Development Editor|Win64.ActiveCfg = Development_Editor|x64
		{908691A1-453F-44FB-8486-B661083FDF18}.Development Editor|Win64.Build.0 = Development_Editor|x64
		{908691A1-453F-44FB-8486-B661083FDF18}.Development|HTML5.ActiveCfg = HTML5_Development_Game|Win32
		{908691A1-453F-44FB-8486-B661083FDF18}.Development|HTML5.Build.0 = HTML5_Development_Game|Win32
		{908691A1-453F-44FB-8486-B661083FDF18}.Development|Win32.ActiveCfg = Development_Game|Win32
		{908691A1-453F-44FB-8486-B661083FDF18}.Development|Win32.Build.0 = Development_Game|Win32
		{908691A1-453F-44FB-8486-B661083FDF18}.Development|Win64.ActiveCfg = Development_Game|x64
		{908691A1-453F-44FB-8486-B661083FDF18}.Development|Win64.Build.0 = Development_Game|x64
		{908691A1-453F-44FB-8486-B661083FDF18}.Shipping|HTML5.ActiveCfg = HTML5_Shipping_Game|Win32
		{908691A1-453F-44FB-8486-B661083FDF18}.Shipping|HTML5.Build.0 = HTML5_Shipping_Game|Win32
		{908691A1-453F-44FB-8486-B661083FDF18}.Shipping|Win32.ActiveCfg = Shipping_Game|Win32
		{908691A1-453F-44FB-8486-B661083FDF18}.Shipping|Win32.Build.0 = Shipping_Game|Win32
		{908691A1-453F-44FB-8486-B661083FDF18}.Shipping|Win64.ActiveCfg = Shipping_Game|x64
		{908691A1-453F-44FB-8486-B661083FDF18}.Shipping|Win64.Build.0 = Shipping_Game|x64
	EndGlobalSection
	GlobalSection(SolutionProperties) = preSolution
		HideSolutionNode = FALSE
	EndGlobalSection
	GlobalSection(NestedProjects) = preSolution
		{E7D91EFA-BB81-4457-A8DB-E1F47200F9B0} = {FAD7740F-F538-4E56-9978-9B0E0C83BDFF}
		{908691A1-453F-44FB-8486-B661083FDF18} = {1A9983A4-3D38-4EEC-A5AD-3EB73C74667F}
	EndGlobalSection
	GlobalSection(ExtensibilityGlobals) = postSolution
		SolutionGuid = {3292C3E8-A8C3-428B-A790-E4ACC7C6B740}
	EndGlobalSection
EndGlobal
